// !$*UTF8*$!
{
	archiveVersion = 1;
	classes = {
	};
	objectVersion = 50;
	objects = {

/* Begin PBXBuildFile section */
		860174B523FEF0C60044EF18 /* textbox.cpp in Sources */ = {isa = PBXBuildFile; fileRef = 860174B323FEF0C60044EF18 /* textbox.cpp */; };
		860174BF23FEF2540044EF18 /* keyHandler.cpp in Sources */ = {isa = PBXBuildFile; fileRef = 860174BD23FEF2540044EF18 /* keyHandler.cpp */; };
		860174C223FEF2C90044EF18 /* gameEventHandler.cpp in Sources */ = {isa = PBXBuildFile; fileRef = 860174C023FEF2C90044EF18 /* gameEventHandler.cpp */; };
		860396282410619B00319537 /* Tiles1-1.png in CopyFiles */ = {isa = PBXBuildFile; fileRef = 860396272410619100319537 /* Tiles1-1.png */; };
		8603962B2410702100319537 /* textboxSequences2.txt in CopyFiles */ = {isa = PBXBuildFile; fileRef = 8603962A2410701800319537 /* textboxSequences2.txt */; };
		862D6D0523F344E3007B1645 /* TextBoxBack.jpg in CopyFiles */ = {isa = PBXBuildFile; fileRef = 862D6D0423F344CB007B1645 /* TextBoxBack.jpg */; };
		8635ADF12416B52000044BA5 /* specialTileCollisions2.txt in CopyFiles */ = {isa = PBXBuildFile; fileRef = 8635ADF02416B51000044BA5 /* specialTileCollisions2.txt */; };
		8636CC2123CB98B900C758E2 /* map.cpp in Sources */ = {isa = PBXBuildFile; fileRef = 8636CC1F23CB98B900C758E2 /* map.cpp */; };
		8636CC2423CB99CC00C758E2 /* block.cpp in Sources */ = {isa = PBXBuildFile; fileRef = 8636CC2223CB99CC00C758E2 /* block.cpp */; };
		8636CC2723CB99D800C758E2 /* tile.cpp in Sources */ = {isa = PBXBuildFile; fileRef = 8636CC2523CB99D800C758E2 /* tile.cpp */; };
		8636CC2923CBE9D000C758E2 /* Tiles1.png in CopyFiles */ = {isa = PBXBuildFile; fileRef = 8636CC2823CBE9C800C758E2 /* Tiles1.png */; };
		86398AE8240012FB00FFAE5B /* magicBoomerang.cpp in Sources */ = {isa = PBXBuildFile; fileRef = 86398AE6240012FB00FFAE5B /* magicBoomerang.cpp */; };
		863A40A8240DC39400127CFB /* tileCollisionProcessor.cpp in Sources */ = {isa = PBXBuildFile; fileRef = 863A40A6240DC39400127CFB /* tileCollisionProcessor.cpp */; };
		864CE5EC23F1FC0E004C1613 /* Player.jpg in CopyFiles */ = {isa = PBXBuildFile; fileRef = 864CE5EB23F1FC09004C1613 /* Player.jpg */; };
		8672A0A923CD18BB00201E77 /* player.cpp in Sources */ = {isa = PBXBuildFile; fileRef = 8672A0A723CD18BB00201E77 /* player.cpp */; };
		86732EB823DB5A6800523368 /* Angel_Music.wav in CopyFiles */ = {isa = PBXBuildFile; fileRef = 86732EB723DB5A5500523368 /* Angel_Music.wav */; };
		86732EBA23DB5C8100523368 /* Game_Music.wav in CopyFiles */ = {isa = PBXBuildFile; fileRef = 86732EB923DB5C7600523368 /* Game_Music.wav */; };
		868981D923C020FE00835B52 /* sprites.png in CopyFiles */ = {isa = PBXBuildFile; fileRef = 868981D823C020E400835B52 /* sprites.png */; };
		868981DF23C402A300835B52 /* red_panel.png in CopyFiles */ = {isa = PBXBuildFile; fileRef = 868981DE23C4029A00835B52 /* red_panel.png */; };
		868981E123C4030B00835B52 /* red_button04.png in CopyFiles */ = {isa = PBXBuildFile; fileRef = 868981E023C4030300835B52 /* red_button04.png */; };
		868981E423C409CF00835B52 /* save.png in CopyFiles */ = {isa = PBXBuildFile; fileRef = 868981E223C4038700835B52 /* save.png */; };
		868DBE5324102DB600E1EEEA /* specialTileCollisions.txt in CopyFiles */ = {isa = PBXBuildFile; fileRef = 863A40A2240D983700127CFB /* specialTileCollisions.txt */; };
		869E60D423C699FD007D176D /* redSheet.png in CopyFiles */ = {isa = PBXBuildFile; fileRef = 869E60D323C69948007D176D /* redSheet.png */; };
		86C3013023BA993E007313D2 /* main.cpp in Sources */ = {isa = PBXBuildFile; fileRef = 86C3012F23BA993E007313D2 /* main.cpp */; };
		86C9193C23BAA43C00D86191 /* textureWrapper.cpp in Sources */ = {isa = PBXBuildFile; fileRef = 86C9193A23BAA43C00D86191 /* textureWrapper.cpp */; };
		86C9195723BAB77300D86191 /* sprite.cpp in Sources */ = {isa = PBXBuildFile; fileRef = 86C9195323BAB77300D86191 /* sprite.cpp */; };
		86C9195823BAB77300D86191 /* spritesheet.cpp in Sources */ = {isa = PBXBuildFile; fileRef = 86C9195423BAB77300D86191 /* spritesheet.cpp */; };
		86C9195D23BAB7AE00D86191 /* gui.cpp in Sources */ = {isa = PBXBuildFile; fileRef = 86C9195B23BAB7AE00D86191 /* gui.cpp */; };
		86C9196423BBFD4500D86191 /* textureHandler.cpp in Sources */ = {isa = PBXBuildFile; fileRef = 86C9196223BBFD4500D86191 /* textureHandler.cpp */; };
		86C9196723BC04AA00D86191 /* background.png in CopyFiles */ = {isa = PBXBuildFile; fileRef = 86C9196623BC048E00D86191 /* background.png */; };
		86C9196A23BC0EB400D86191 /* clock.cpp in Sources */ = {isa = PBXBuildFile; fileRef = 86C9196823BC0EB400D86191 /* clock.cpp */; };
		86C9196F23BC4F2600D86191 /* guiButtons.cpp in Sources */ = {isa = PBXBuildFile; fileRef = 86C9196D23BC4F2600D86191 /* guiButtons.cpp */; };
		86CE5FBD23F48C8A0081A402 /* TextBox.png in CopyFiles */ = {isa = PBXBuildFile; fileRef = 86CE5FBC23F48C650081A402 /* TextBox.png */; };
		86CE5FBF23F5DA640081A402 /* DejaVuSans.ttf in CopyFiles */ = {isa = PBXBuildFile; fileRef = 86CE5FBE23F5DA610081A402 /* DejaVuSans.ttf */; };
		86DF017B240879B100B2D8C9 /* textboxProcessor.cpp in Sources */ = {isa = PBXBuildFile; fileRef = 86DF0179240879B100B2D8C9 /* textboxProcessor.cpp */; };
		86DF017D2408B91800B2D8C9 /* textboxSequences.txt in CopyFiles */ = {isa = PBXBuildFile; fileRef = 86DF017C24087BB800B2D8C9 /* textboxSequences.txt */; };
/* End PBXBuildFile section */

/* Begin PBXCopyFilesBuildPhase section */
		86C3012A23BA993E007313D2 /* CopyFiles */ = {
			isa = PBXCopyFilesBuildPhase;
			buildActionMask = 12;
			dstPath = "";
			dstSubfolderSpec = 16;
			files = (
				868981DF23C402A300835B52 /* red_panel.png in CopyFiles */,
				864CE5EC23F1FC0E004C1613 /* Player.jpg in CopyFiles */,
				860396282410619B00319537 /* Tiles1-1.png in CopyFiles */,
				86CE5FBD23F48C8A0081A402 /* TextBox.png in CopyFiles */,
				86DF017D2408B91800B2D8C9 /* textboxSequences.txt in CopyFiles */,
				868DBE5324102DB600E1EEEA /* specialTileCollisions.txt in CopyFiles */,
				8635ADF12416B52000044BA5 /* specialTileCollisions2.txt in CopyFiles */,
				8603962B2410702100319537 /* textboxSequences2.txt in CopyFiles */,
				86732EBA23DB5C8100523368 /* Game_Music.wav in CopyFiles */,
				86CE5FBF23F5DA640081A402 /* DejaVuSans.ttf in CopyFiles */,
				862D6D0523F344E3007B1645 /* TextBoxBack.jpg in CopyFiles */,
				868981E123C4030B00835B52 /* red_button04.png in CopyFiles */,
				869E60D423C699FD007D176D /* redSheet.png in CopyFiles */,
				8636CC2923CBE9D000C758E2 /* Tiles1.png in CopyFiles */,
				86732EB823DB5A6800523368 /* Angel_Music.wav in CopyFiles */,
				868981E423C409CF00835B52 /* save.png in CopyFiles */,
				86C9196723BC04AA00D86191 /* background.png in CopyFiles */,
				868981D923C020FE00835B52 /* sprites.png in CopyFiles */,
			);
			runOnlyForDeploymentPostprocessing = 0;
		};
/* End PBXCopyFilesBuildPhase section */

/* Begin PBXFileReference section */
		860174B323FEF0C60044EF18 /* textbox.cpp */ = {isa = PBXFileReference; lastKnownFileType = sourcecode.cpp.cpp; path = textbox.cpp; sourceTree = "<group>"; };
		860174B423FEF0C60044EF18 /* textbox.hpp */ = {isa = PBXFileReference; lastKnownFileType = sourcecode.cpp.h; path = textbox.hpp; sourceTree = "<group>"; };
		860174BD23FEF2540044EF18 /* keyHandler.cpp */ = {isa = PBXFileReference; lastKnownFileType = sourcecode.cpp.cpp; path = keyHandler.cpp; sourceTree = "<group>"; };
		860174BE23FEF2540044EF18 /* keyHandler.hpp */ = {isa = PBXFileReference; lastKnownFileType = sourcecode.cpp.h; path = keyHandler.hpp; sourceTree = "<group>"; };
		860174C023FEF2C90044EF18 /* gameEventHandler.cpp */ = {isa = PBXFileReference; lastKnownFileType = sourcecode.cpp.cpp; path = gameEventHandler.cpp; sourceTree = "<group>"; };
		860174C123FEF2C90044EF18 /* gameEventHandler.hpp */ = {isa = PBXFileReference; lastKnownFileType = sourcecode.cpp.h; path = gameEventHandler.hpp; sourceTree = "<group>"; };
		860396272410619100319537 /* Tiles1-1.png */ = {isa = PBXFileReference; lastKnownFileType = image.png; path = "Tiles1-1.png"; sourceTree = "<group>"; };
		8603962A2410701800319537 /* textboxSequences2.txt */ = {isa = PBXFileReference; lastKnownFileType = text; path = textboxSequences2.txt; sourceTree = "<group>"; };
		862D6D0423F344CB007B1645 /* TextBoxBack.jpg */ = {isa = PBXFileReference; lastKnownFileType = image.jpeg; path = TextBoxBack.jpg; sourceTree = "<group>"; };
		8635ADF02416B51000044BA5 /* specialTileCollisions2.txt */ = {isa = PBXFileReference; lastKnownFileType = text; path = specialTileCollisions2.txt; sourceTree = "<group>"; };
		8636CC1F23CB98B900C758E2 /* map.cpp */ = {isa = PBXFileReference; lastKnownFileType = sourcecode.cpp.cpp; path = map.cpp; sourceTree = "<group>"; };
		8636CC2023CB98B900C758E2 /* map.hpp */ = {isa = PBXFileReference; lastKnownFileType = sourcecode.cpp.h; path = map.hpp; sourceTree = "<group>"; };
		8636CC2223CB99CC00C758E2 /* block.cpp */ = {isa = PBXFileReference; lastKnownFileType = sourcecode.cpp.cpp; path = block.cpp; sourceTree = "<group>"; };
		8636CC2323CB99CC00C758E2 /* block.hpp */ = {isa = PBXFileReference; lastKnownFileType = sourcecode.cpp.h; path = block.hpp; sourceTree = "<group>"; };
		8636CC2523CB99D800C758E2 /* tile.cpp */ = {isa = PBXFileReference; lastKnownFileType = sourcecode.cpp.cpp; path = tile.cpp; sourceTree = "<group>"; };
		8636CC2623CB99D800C758E2 /* tile.hpp */ = {isa = PBXFileReference; lastKnownFileType = sourcecode.cpp.h; path = tile.hpp; sourceTree = "<group>"; };
		8636CC2823CBE9C800C758E2 /* Tiles1.png */ = {isa = PBXFileReference; lastKnownFileType = image.png; path = Tiles1.png; sourceTree = "<group>"; };
		86398AE6240012FB00FFAE5B /* magicBoomerang.cpp */ = {isa = PBXFileReference; lastKnownFileType = sourcecode.cpp.cpp; path = magicBoomerang.cpp; sourceTree = "<group>"; };
		86398AE7240012FB00FFAE5B /* magicBoomerang.hpp */ = {isa = PBXFileReference; lastKnownFileType = sourcecode.cpp.h; path = magicBoomerang.hpp; sourceTree = "<group>"; };
		863A40A2240D983700127CFB /* specialTileCollisions.txt */ = {isa = PBXFileReference; lastKnownFileType = text; path = specialTileCollisions.txt; sourceTree = "<group>"; };
		863A40A6240DC39400127CFB /* tileCollisionProcessor.cpp */ = {isa = PBXFileReference; fileEncoding = 4; lastKnownFileType = sourcecode.cpp.cpp; path = tileCollisionProcessor.cpp; sourceTree = "<group>"; };
		863A40A7240DC39400127CFB /* tileCollisionProcessor.hpp */ = {isa = PBXFileReference; fileEncoding = 4; lastKnownFileType = sourcecode.cpp.h; path = tileCollisionProcessor.hpp; sourceTree = "<group>"; };
		864CE5EB23F1FC09004C1613 /* Player.jpg */ = {isa = PBXFileReference; lastKnownFileType = image.jpeg; path = Player.jpg; sourceTree = "<group>"; };
		8672A0A723CD18BB00201E77 /* player.cpp */ = {isa = PBXFileReference; lastKnownFileType = sourcecode.cpp.cpp; path = player.cpp; sourceTree = "<group>"; };
		8672A0A823CD18BB00201E77 /* player.hpp */ = {isa = PBXFileReference; lastKnownFileType = sourcecode.cpp.h; path = player.hpp; sourceTree = "<group>"; };
		86732EB723DB5A5500523368 /* Angel_Music.wav */ = {isa = PBXFileReference; lastKnownFileType = audio.wav; path = Angel_Music.wav; sourceTree = "<group>"; };
		86732EB923DB5C7600523368 /* Game_Music.wav */ = {isa = PBXFileReference; lastKnownFileType = audio.wav; path = Game_Music.wav; sourceTree = "<group>"; };
		868981D823C020E400835B52 /* sprites.png */ = {isa = PBXFileReference; lastKnownFileType = image.png; path = sprites.png; sourceTree = "<group>"; };
		868981DE23C4029A00835B52 /* red_panel.png */ = {isa = PBXFileReference; lastKnownFileType = image.png; path = red_panel.png; sourceTree = "<group>"; };
		868981E023C4030300835B52 /* red_button04.png */ = {isa = PBXFileReference; lastKnownFileType = image.png; path = red_button04.png; sourceTree = "<group>"; };
		868981E223C4038700835B52 /* save.png */ = {isa = PBXFileReference; lastKnownFileType = image.png; name = save.png; path = ../../../../Downloads/Kenney_gameIcons/PNG/White/1x/save.png; sourceTree = "<group>"; };
		869E60D323C69948007D176D /* redSheet.png */ = {isa = PBXFileReference; lastKnownFileType = image.png; path = redSheet.png; sourceTree = "<group>"; };
		86C3012C23BA993E007313D2 /* gameEngine */ = {isa = PBXFileReference; explicitFileType = "compiled.mach-o.executable"; includeInIndex = 0; path = gameEngine; sourceTree = BUILT_PRODUCTS_DIR; };
		86C3012F23BA993E007313D2 /* main.cpp */ = {isa = PBXFileReference; lastKnownFileType = sourcecode.cpp.cpp; path = main.cpp; sourceTree = "<group>"; };
		86C9193923BA9F0400D86191 /* main.hpp */ = {isa = PBXFileReference; lastKnownFileType = sourcecode.cpp.h; path = main.hpp; sourceTree = "<group>"; };
		86C9193A23BAA43C00D86191 /* textureWrapper.cpp */ = {isa = PBXFileReference; lastKnownFileType = sourcecode.cpp.cpp; path = textureWrapper.cpp; sourceTree = "<group>"; };
		86C9193B23BAA43C00D86191 /* textureWrapper.hpp */ = {isa = PBXFileReference; lastKnownFileType = sourcecode.cpp.h; path = textureWrapper.hpp; sourceTree = "<group>"; };
		86C9195323BAB77300D86191 /* sprite.cpp */ = {isa = PBXFileReference; fileEncoding = 4; lastKnownFileType = sourcecode.cpp.cpp; path = sprite.cpp; sourceTree = "<group>"; };
		86C9195423BAB77300D86191 /* spritesheet.cpp */ = {isa = PBXFileReference; fileEncoding = 4; lastKnownFileType = sourcecode.cpp.cpp; path = spritesheet.cpp; sourceTree = "<group>"; };
		86C9195523BAB77300D86191 /* sprite.hpp */ = {isa = PBXFileReference; fileEncoding = 4; lastKnownFileType = sourcecode.cpp.h; path = sprite.hpp; sourceTree = "<group>"; };
		86C9195623BAB77300D86191 /* spritesheet.hpp */ = {isa = PBXFileReference; fileEncoding = 4; lastKnownFileType = sourcecode.cpp.h; path = spritesheet.hpp; sourceTree = "<group>"; };
		86C9195B23BAB7AE00D86191 /* gui.cpp */ = {isa = PBXFileReference; lastKnownFileType = sourcecode.cpp.cpp; path = gui.cpp; sourceTree = "<group>"; };
		86C9195C23BAB7AE00D86191 /* gui.hpp */ = {isa = PBXFileReference; lastKnownFileType = sourcecode.cpp.h; path = gui.hpp; sourceTree = "<group>"; };
		86C9196023BBFB2E00D86191 /* gameObject.hpp */ = {isa = PBXFileReference; lastKnownFileType = sourcecode.cpp.h; path = gameObject.hpp; sourceTree = "<group>"; };
		86C9196223BBFD4500D86191 /* textureHandler.cpp */ = {isa = PBXFileReference; lastKnownFileType = sourcecode.cpp.cpp; path = textureHandler.cpp; sourceTree = "<group>"; };
		86C9196323BBFD4500D86191 /* textureHandler.hpp */ = {isa = PBXFileReference; lastKnownFileType = sourcecode.cpp.h; path = textureHandler.hpp; sourceTree = "<group>"; };
		86C9196623BC048E00D86191 /* background.png */ = {isa = PBXFileReference; lastKnownFileType = image.png; path = background.png; sourceTree = "<group>"; };
		86C9196823BC0EB400D86191 /* clock.cpp */ = {isa = PBXFileReference; lastKnownFileType = sourcecode.cpp.cpp; path = clock.cpp; sourceTree = "<group>"; };
		86C9196923BC0EB400D86191 /* clock.hpp */ = {isa = PBXFileReference; lastKnownFileType = sourcecode.cpp.h; path = clock.hpp; sourceTree = "<group>"; };
		86C9196D23BC4F2600D86191 /* guiButtons.cpp */ = {isa = PBXFileReference; lastKnownFileType = sourcecode.cpp.cpp; path = guiButtons.cpp; sourceTree = "<group>"; };
		86C9196E23BC4F2600D86191 /* guiButtons.hpp */ = {isa = PBXFileReference; lastKnownFileType = sourcecode.cpp.h; path = guiButtons.hpp; sourceTree = "<group>"; };
		86CE5FBC23F48C650081A402 /* TextBox.png */ = {isa = PBXFileReference; lastKnownFileType = image.png; path = TextBox.png; sourceTree = "<group>"; };
		86CE5FBE23F5DA610081A402 /* DejaVuSans.ttf */ = {isa = PBXFileReference; lastKnownFileType = file; path = DejaVuSans.ttf; sourceTree = "<group>"; };
		86DBEE6C2405C6660085F0F2 /* event.hpp */ = {isa = PBXFileReference; lastKnownFileType = sourcecode.cpp.h; path = event.hpp; sourceTree = "<group>"; };
		86DF0179240879B100B2D8C9 /* textboxProcessor.cpp */ = {isa = PBXFileReference; lastKnownFileType = sourcecode.cpp.cpp; path = textboxProcessor.cpp; sourceTree = "<group>"; };
		86DF017A240879B100B2D8C9 /* textboxProcessor.hpp */ = {isa = PBXFileReference; lastKnownFileType = sourcecode.cpp.h; path = textboxProcessor.hpp; sourceTree = "<group>"; };
		86DF017C24087BB800B2D8C9 /* textboxSequences.txt */ = {isa = PBXFileReference; lastKnownFileType = text; path = textboxSequences.txt; sourceTree = "<group>"; };
/* End PBXFileReference section */

/* Begin PBXFrameworksBuildPhase section */
		86C3012923BA993E007313D2 /* Frameworks */ = {
			isa = PBXFrameworksBuildPhase;
			buildActionMask = 2147483647;
			files = (
			);
			runOnlyForDeploymentPostprocessing = 0;
		};
/* End PBXFrameworksBuildPhase section */

/* Begin PBXGroup section */
		860174BA23FEF1D40044EF18 /* gui */ = {
			isa = PBXGroup;
			children = (
				86C9195B23BAB7AE00D86191 /* gui.cpp */,
				86C9195C23BAB7AE00D86191 /* gui.hpp */,
			);
			name = gui;
			sourceTree = "<group>";
		};
		860174BB23FEF1F10044EF18 /* guiButtons */ = {
			isa = PBXGroup;
			children = (
				86C9196D23BC4F2600D86191 /* guiButtons.cpp */,
				86C9196E23BC4F2600D86191 /* guiButtons.hpp */,
			);
			name = guiButtons;
			sourceTree = "<group>";
		};
		860174BC23FEF2340044EF18 /* gameHandlers */ = {
			isa = PBXGroup;
			children = (
				86DBEE6D2405C6950085F0F2 /* eventHandlers */,
				86DF01782408797F00B2D8C9 /* eventProcessors */,
				86C9196223BBFD4500D86191 /* textureHandler.cpp */,
				86C9196323BBFD4500D86191 /* textureHandler.hpp */,
			);
			name = gameHandlers;
			sourceTree = "<group>";
		};
		8636CC1E23CB98A100C758E2 /* mapClasses */ = {
			isa = PBXGroup;
			children = (
				8636CC2523CB99D800C758E2 /* tile.cpp */,
				8636CC2623CB99D800C758E2 /* tile.hpp */,
				8636CC2223CB99CC00C758E2 /* block.cpp */,
				8636CC2323CB99CC00C758E2 /* block.hpp */,
				8636CC1F23CB98B900C758E2 /* map.cpp */,
				8636CC2023CB98B900C758E2 /* map.hpp */,
			);
			name = mapClasses;
			sourceTree = "<group>";
		};
		86C3012323BA993E007313D2 = {
			isa = PBXGroup;
			children = (
				86C9196523BC046500D86191 /* resources */,
				86C3012E23BA993E007313D2 /* gameEngine */,
				86C3012D23BA993E007313D2 /* Products */,
			);
			sourceTree = "<group>";
		};
		86C3012D23BA993E007313D2 /* Products */ = {
			isa = PBXGroup;
			children = (
				86C3012C23BA993E007313D2 /* gameEngine */,
			);
			name = Products;
			sourceTree = "<group>";
		};
		86C3012E23BA993E007313D2 /* gameEngine */ = {
			isa = PBXGroup;
			children = (
				86DBEE6E2405C94A0085F0F2 /* loneHeaders */,
				8636CC1E23CB98A100C758E2 /* mapClasses */,
				86C9195E23BBFB0800D86191 /* gameObjects */,
				86C9194023BAA45900D86191 /* textureClasses */,
				860174BC23FEF2340044EF18 /* gameHandlers */,
				86C3012F23BA993E007313D2 /* main.cpp */,
				86C9193923BA9F0400D86191 /* main.hpp */,
				86C9196823BC0EB400D86191 /* clock.cpp */,
				86C9196923BC0EB400D86191 /* clock.hpp */,
			);
			path = gameEngine;
			sourceTree = "<group>";
		};
		86C9194023BAA45900D86191 /* textureClasses */ = {
			isa = PBXGroup;
			children = (
				86C9193A23BAA43C00D86191 /* textureWrapper.cpp */,
				86C9193B23BAA43C00D86191 /* textureWrapper.hpp */,
			);
			name = textureClasses;
			sourceTree = "<group>";
		};
		86C9194823BAB6DD00D86191 /* spriteClasses */ = {
			isa = PBXGroup;
			children = (
				86C9195323BAB77300D86191 /* sprite.cpp */,
				86C9195523BAB77300D86191 /* sprite.hpp */,
				86C9195423BAB77300D86191 /* spritesheet.cpp */,
				86C9195623BAB77300D86191 /* spritesheet.hpp */,
			);
			name = spriteClasses;
			sourceTree = "<group>";
		};
		86C9195A23BAB79900D86191 /* guiClasses */ = {
			isa = PBXGroup;
			children = (
				860174BA23FEF1D40044EF18 /* gui */,
				860174BB23FEF1F10044EF18 /* guiButtons */,
			);
			name = guiClasses;
			sourceTree = "<group>";
		};
		86C9195E23BBFB0800D86191 /* gameObjects */ = {
			isa = PBXGroup;
			children = (
				86398AE6240012FB00FFAE5B /* magicBoomerang.cpp */,
				86398AE7240012FB00FFAE5B /* magicBoomerang.hpp */,
				860174B323FEF0C60044EF18 /* textbox.cpp */,
				860174B423FEF0C60044EF18 /* textbox.hpp */,
				8672A0A723CD18BB00201E77 /* player.cpp */,
				8672A0A823CD18BB00201E77 /* player.hpp */,
				86C9195A23BAB79900D86191 /* guiClasses */,
				86C9194823BAB6DD00D86191 /* spriteClasses */,
			);
			name = gameObjects;
			sourceTree = "<group>";
		};
		86C9196523BC046500D86191 /* resources */ = {
			isa = PBXGroup;
			children = (
				86CE5FBE23F5DA610081A402 /* DejaVuSans.ttf */,
				862D6D0423F344CB007B1645 /* TextBoxBack.jpg */,
				86732EB723DB5A5500523368 /* Angel_Music.wav */,
				86732EB923DB5C7600523368 /* Game_Music.wav */,
				8636CC2823CBE9C800C758E2 /* Tiles1.png */,
				860396272410619100319537 /* Tiles1-1.png */,
				86CE5FBC23F48C650081A402 /* TextBox.png */,
				864CE5EB23F1FC09004C1613 /* Player.jpg */,
				868981E223C4038700835B52 /* save.png */,
				868981DE23C4029A00835B52 /* red_panel.png */,
				868981E023C4030300835B52 /* red_button04.png */,
				869E60D323C69948007D176D /* redSheet.png */,
				868981D823C020E400835B52 /* sprites.png */,
				86C9196623BC048E00D86191 /* background.png */,
				86DF017C24087BB800B2D8C9 /* textboxSequences.txt */,
				8603962A2410701800319537 /* textboxSequences2.txt */,
				863A40A2240D983700127CFB /* specialTileCollisions.txt */,
				8635ADF02416B51000044BA5 /* specialTileCollisions2.txt */,
			);
			path = resources;
			sourceTree = "<group>";
		};
		86DBEE6D2405C6950085F0F2 /* eventHandlers */ = {
			isa = PBXGroup;
			children = (
				860174C023FEF2C90044EF18 /* gameEventHandler.cpp */,
				860174C123FEF2C90044EF18 /* gameEventHandler.hpp */,
				860174BD23FEF2540044EF18 /* keyHandler.cpp */,
				860174BE23FEF2540044EF18 /* keyHandler.hpp */,
			);
			name = eventHandlers;
			sourceTree = "<group>";
		};
		86DBEE6E2405C94A0085F0F2 /* loneHeaders */ = {
			isa = PBXGroup;
			children = (
				86C9196023BBFB2E00D86191 /* gameObject.hpp */,
				86DBEE6C2405C6660085F0F2 /* event.hpp */,
			);
			name = loneHeaders;
			sourceTree = "<group>";
		};
		86DF01782408797F00B2D8C9 /* eventProcessors */ = {
			isa = PBXGroup;
			children = (
				86DF0179240879B100B2D8C9 /* textboxProcessor.cpp */,
				86DF017A240879B100B2D8C9 /* textboxProcessor.hpp */,
				863A40A6240DC39400127CFB /* tileCollisionProcessor.cpp */,
				863A40A7240DC39400127CFB /* tileCollisionProcessor.hpp */,
			);
			name = eventProcessors;
			sourceTree = "<group>";
		};
/* End PBXGroup section */

/* Begin PBXNativeTarget section */
		86C3012B23BA993E007313D2 /* gameEngine */ = {
			isa = PBXNativeTarget;
			buildConfigurationList = 86C3013323BA993E007313D2 /* Build configuration list for PBXNativeTarget "gameEngine" */;
			buildPhases = (
				86C3012823BA993E007313D2 /* Sources */,
				86C3012923BA993E007313D2 /* Frameworks */,
				86C3012A23BA993E007313D2 /* CopyFiles */,
			);
			buildRules = (
			);
			dependencies = (
			);
			name = gameEngine;
			productName = gameEngine;
			productReference = 86C3012C23BA993E007313D2 /* gameEngine */;
			productType = "com.apple.product-type.tool";
		};
/* End PBXNativeTarget section */

/* Begin PBXProject section */
		86C3012423BA993E007313D2 /* Project object */ = {
			isa = PBXProject;
			attributes = {
				LastUpgradeCheck = 1130;
				ORGANIZATIONNAME = "Keegan Bilodeau";
				TargetAttributes = {
					86C3012B23BA993E007313D2 = {
						CreatedOnToolsVersion = 11.3;
					};
				};
			};
			buildConfigurationList = 86C3012723BA993E007313D2 /* Build configuration list for PBXProject "gameEngine" */;
			compatibilityVersion = "Xcode 9.3";
			developmentRegion = en;
			hasScannedForEncodings = 0;
			knownRegions = (
				en,
				Base,
			);
			mainGroup = 86C3012323BA993E007313D2;
			productRefGroup = 86C3012D23BA993E007313D2 /* Products */;
			projectDirPath = "";
			projectRoot = "";
			targets = (
				86C3012B23BA993E007313D2 /* gameEngine */,
			);
		};
/* End PBXProject section */

/* Begin PBXSourcesBuildPhase section */
		86C3012823BA993E007313D2 /* Sources */ = {
			isa = PBXSourcesBuildPhase;
			buildActionMask = 2147483647;
			files = (
				860174BF23FEF2540044EF18 /* keyHandler.cpp in Sources */,
				863A40A8240DC39400127CFB /* tileCollisionProcessor.cpp in Sources */,
				860174B523FEF0C60044EF18 /* textbox.cpp in Sources */,
				86C9195823BAB77300D86191 /* spritesheet.cpp in Sources */,
				86C3013023BA993E007313D2 /* main.cpp in Sources */,
				86C9193C23BAA43C00D86191 /* textureWrapper.cpp in Sources */,
				86C9196423BBFD4500D86191 /* textureHandler.cpp in Sources */,
				86C9195723BAB77300D86191 /* sprite.cpp in Sources */,
				86398AE8240012FB00FFAE5B /* magicBoomerang.cpp in Sources */,
				86C9196F23BC4F2600D86191 /* guiButtons.cpp in Sources */,
				86DF017B240879B100B2D8C9 /* textboxProcessor.cpp in Sources */,
				8636CC2423CB99CC00C758E2 /* block.cpp in Sources */,
				8672A0A923CD18BB00201E77 /* player.cpp in Sources */,
				86C9196A23BC0EB400D86191 /* clock.cpp in Sources */,
				8636CC2123CB98B900C758E2 /* map.cpp in Sources */,
				86C9195D23BAB7AE00D86191 /* gui.cpp in Sources */,
				8636CC2723CB99D800C758E2 /* tile.cpp in Sources */,
				860174C223FEF2C90044EF18 /* gameEventHandler.cpp in Sources */,
			);
			runOnlyForDeploymentPostprocessing = 0;
		};
/* End PBXSourcesBuildPhase section */

/* Begin XCBuildConfiguration section */
		86C3013123BA993E007313D2 /* Debug */ = {
			isa = XCBuildConfiguration;
			buildSettings = {
				ALWAYS_SEARCH_USER_PATHS = NO;
				CLANG_ANALYZER_NONNULL = YES;
				CLANG_ANALYZER_NUMBER_OBJECT_CONVERSION = YES_AGGRESSIVE;
				CLANG_CXX_LANGUAGE_STANDARD = "gnu++14";
				CLANG_CXX_LIBRARY = "libc++";
				CLANG_ENABLE_MODULES = YES;
				CLANG_ENABLE_OBJC_ARC = YES;
				CLANG_ENABLE_OBJC_WEAK = YES;
				CLANG_WARN_BLOCK_CAPTURE_AUTORELEASING = YES;
				CLANG_WARN_BOOL_CONVERSION = YES;
				CLANG_WARN_COMMA = YES;
				CLANG_WARN_CONSTANT_CONVERSION = YES;
				CLANG_WARN_DEPRECATED_OBJC_IMPLEMENTATIONS = YES;
				CLANG_WARN_DIRECT_OBJC_ISA_USAGE = YES_ERROR;
				CLANG_WARN_DOCUMENTATION_COMMENTS = YES;
				CLANG_WARN_EMPTY_BODY = YES;
				CLANG_WARN_ENUM_CONVERSION = YES;
				CLANG_WARN_INFINITE_RECURSION = YES;
				CLANG_WARN_INT_CONVERSION = YES;
				CLANG_WARN_NON_LITERAL_NULL_CONVERSION = YES;
				CLANG_WARN_OBJC_IMPLICIT_RETAIN_SELF = YES;
				CLANG_WARN_OBJC_LITERAL_CONVERSION = YES;
				CLANG_WARN_OBJC_ROOT_CLASS = YES_ERROR;
				CLANG_WARN_RANGE_LOOP_ANALYSIS = YES;
				CLANG_WARN_STRICT_PROTOTYPES = YES;
				CLANG_WARN_SUSPICIOUS_MOVE = YES;
				CLANG_WARN_UNGUARDED_AVAILABILITY = YES_AGGRESSIVE;
				CLANG_WARN_UNREACHABLE_CODE = YES;
				CLANG_WARN__DUPLICATE_METHOD_MATCH = YES;
				COPY_PHASE_STRIP = NO;
				DEBUG_INFORMATION_FORMAT = dwarf;
				ENABLE_STRICT_OBJC_MSGSEND = YES;
				ENABLE_TESTABILITY = YES;
				GCC_C_LANGUAGE_STANDARD = gnu11;
				GCC_DYNAMIC_NO_PIC = NO;
				GCC_NO_COMMON_BLOCKS = YES;
				GCC_OPTIMIZATION_LEVEL = 0;
				GCC_PREPROCESSOR_DEFINITIONS = (
					"DEBUG=1",
					"$(inherited)",
				);
				GCC_WARN_64_TO_32_BIT_CONVERSION = YES;
				GCC_WARN_ABOUT_RETURN_TYPE = YES_ERROR;
				GCC_WARN_UNDECLARED_SELECTOR = YES;
				GCC_WARN_UNINITIALIZED_AUTOS = YES_AGGRESSIVE;
				GCC_WARN_UNUSED_FUNCTION = YES;
				GCC_WARN_UNUSED_VARIABLE = YES;
				MACOSX_DEPLOYMENT_TARGET = 10.15;
				MTL_ENABLE_DEBUG_INFO = INCLUDE_SOURCE;
				MTL_FAST_MATH = YES;
				ONLY_ACTIVE_ARCH = YES;
				SDKROOT = macosx;
			};
			name = Debug;
		};
		86C3013223BA993E007313D2 /* Release */ = {
			isa = XCBuildConfiguration;
			buildSettings = {
				ALWAYS_SEARCH_USER_PATHS = NO;
				CLANG_ANALYZER_NONNULL = YES;
				CLANG_ANALYZER_NUMBER_OBJECT_CONVERSION = YES_AGGRESSIVE;
				CLANG_CXX_LANGUAGE_STANDARD = "gnu++14";
				CLANG_CXX_LIBRARY = "libc++";
				CLANG_ENABLE_MODULES = YES;
				CLANG_ENABLE_OBJC_ARC = YES;
				CLANG_ENABLE_OBJC_WEAK = YES;
				CLANG_WARN_BLOCK_CAPTURE_AUTORELEASING = YES;
				CLANG_WARN_BOOL_CONVERSION = YES;
				CLANG_WARN_COMMA = YES;
				CLANG_WARN_CONSTANT_CONVERSION = YES;
				CLANG_WARN_DEPRECATED_OBJC_IMPLEMENTATIONS = YES;
				CLANG_WARN_DIRECT_OBJC_ISA_USAGE = YES_ERROR;
				CLANG_WARN_DOCUMENTATION_COMMENTS = YES;
				CLANG_WARN_EMPTY_BODY = YES;
				CLANG_WARN_ENUM_CONVERSION = YES;
				CLANG_WARN_INFINITE_RECURSION = YES;
				CLANG_WARN_INT_CONVERSION = YES;
				CLANG_WARN_NON_LITERAL_NULL_CONVERSION = YES;
				CLANG_WARN_OBJC_IMPLICIT_RETAIN_SELF = YES;
				CLANG_WARN_OBJC_LITERAL_CONVERSION = YES;
				CLANG_WARN_OBJC_ROOT_CLASS = YES_ERROR;
				CLANG_WARN_RANGE_LOOP_ANALYSIS = YES;
				CLANG_WARN_STRICT_PROTOTYPES = YES;
				CLANG_WARN_SUSPICIOUS_MOVE = YES;
				CLANG_WARN_UNGUARDED_AVAILABILITY = YES_AGGRESSIVE;
				CLANG_WARN_UNREACHABLE_CODE = YES;
				CLANG_WARN__DUPLICATE_METHOD_MATCH = YES;
				COPY_PHASE_STRIP = NO;
				DEBUG_INFORMATION_FORMAT = "dwarf-with-dsym";
				ENABLE_NS_ASSERTIONS = NO;
				ENABLE_STRICT_OBJC_MSGSEND = YES;
				GCC_C_LANGUAGE_STANDARD = gnu11;
				GCC_NO_COMMON_BLOCKS = YES;
				GCC_WARN_64_TO_32_BIT_CONVERSION = YES;
				GCC_WARN_ABOUT_RETURN_TYPE = YES_ERROR;
				GCC_WARN_UNDECLARED_SELECTOR = YES;
				GCC_WARN_UNINITIALIZED_AUTOS = YES_AGGRESSIVE;
				GCC_WARN_UNUSED_FUNCTION = YES;
				GCC_WARN_UNUSED_VARIABLE = YES;
				MACOSX_DEPLOYMENT_TARGET = 10.15;
				MTL_ENABLE_DEBUG_INFO = NO;
				MTL_FAST_MATH = YES;
				SDKROOT = macosx;
			};
			name = Release;
		};
		86C3013423BA993E007313D2 /* Debug */ = {
			isa = XCBuildConfiguration;
			buildSettings = {
				CLANG_CXX_LANGUAGE_STANDARD = "c++17";
				CODE_SIGN_IDENTITY = "";
				CODE_SIGN_STYLE = Automatic;
				DEVELOPMENT_TEAM = K965454LM2;
				ENABLE_HARDENED_RUNTIME = YES;
				HEADER_SEARCH_PATHS = /usr/local/boost_1_72_0/include/;
				LIBRARY_SEARCH_PATHS = /usr/local/boost_1_72_0/lib;
				OTHER_CFLAGS = (
					"-D_THREAD_SAFE",
					"-I/usr/local/include/SDL2",
				);
				OTHER_LDFLAGS = (
					"-L/usr/local/lib",
					"-lSDL2_image",
					"-lSDL2_ttf",
					"-lSDL2_mixer",
					"-lSDL2",
					"-lboost_serialization",
				);
				PRODUCT_NAME = "$(TARGET_NAME)";
			};
			name = Debug;
		};
		86C3013523BA993E007313D2 /* Release */ = {
			isa = XCBuildConfiguration;
			buildSettings = {
				CLANG_CXX_LANGUAGE_STANDARD = "c++17";
				CODE_SIGN_IDENTITY = "";
				CODE_SIGN_STYLE = Automatic;
				DEVELOPMENT_TEAM = K965454LM2;
				ENABLE_HARDENED_RUNTIME = YES;
				HEADER_SEARCH_PATHS = /usr/local/boost_1_72_0/include/;
				LIBRARY_SEARCH_PATHS = /usr/local/boost_1_72_0/lib;
				OTHER_CFLAGS = (
					"-D_THREAD_SAFE",
					"-I/usr/local/include/SDL2",
				);
				OTHER_LDFLAGS = (
					"-L/usr/local/lib",
					"-lSDL2_image",
					"-lSDL2_ttf",
					"-lSDL2_mixer",
					"-lSDL2",
					"-lboost_serialization",
				);
				PRODUCT_NAME = "$(TARGET_NAME)";
			};
			name = Release;
		};
/* End XCBuildConfiguration section */

/* Begin XCConfigurationList section */
		86C3012723BA993E007313D2 /* Build configuration list for PBXProject "gameEngine" */ = {
			isa = XCConfigurationList;
			buildConfigurations = (
				86C3013123BA993E007313D2 /* Debug */,
				86C3013223BA993E007313D2 /* Release */,
			);
			defaultConfigurationIsVisible = 0;
			defaultConfigurationName = Release;
		};
		86C3013323BA993E007313D2 /* Build configuration list for PBXNativeTarget "gameEngine" */ = {
			isa = XCConfigurationList;
			buildConfigurations = (
				86C3013423BA993E007313D2 /* Debug */,
				86C3013523BA993E007313D2 /* Release */,
			);
			defaultConfigurationIsVisible = 0;
			defaultConfigurationName = Release;
		};
/* End XCConfigurationList section */
	};
	rootObject = 86C3012423BA993E007313D2 /* Project object */;
}
