// !$*UTF8*$!
{
	archiveVersion = 1;
	classes = {
	};
	objectVersion = 50;
	objects = {

/* Begin PBXBuildFile section */
		86C3013023BA993E007313D2 /* main.cpp in Sources */ = {isa = PBXBuildFile; fileRef = 86C3012F23BA993E007313D2 /* main.cpp */; };
		86C9193C23BAA43C00D86191 /* textureWrapper.cpp in Sources */ = {isa = PBXBuildFile; fileRef = 86C9193A23BAA43C00D86191 /* textureWrapper.cpp */; };
		86C9195723BAB77300D86191 /* sprite.cpp in Sources */ = {isa = PBXBuildFile; fileRef = 86C9195323BAB77300D86191 /* sprite.cpp */; };
		86C9195823BAB77300D86191 /* spritesheet.cpp in Sources */ = {isa = PBXBuildFile; fileRef = 86C9195423BAB77300D86191 /* spritesheet.cpp */; };
		86C9195D23BAB7AE00D86191 /* gui.cpp in Sources */ = {isa = PBXBuildFile; fileRef = 86C9195B23BAB7AE00D86191 /* gui.cpp */; };
		86C9196123BBFB2E00D86191 /* gameObject.cpp in Sources */ = {isa = PBXBuildFile; fileRef = 86C9195F23BBFB2E00D86191 /* gameObject.cpp */; };
		86C9196423BBFD4500D86191 /* textureHandler.cpp in Sources */ = {isa = PBXBuildFile; fileRef = 86C9196223BBFD4500D86191 /* textureHandler.cpp */; };
		86C9196723BC04AA00D86191 /* background.png in CopyFiles */ = {isa = PBXBuildFile; fileRef = 86C9196623BC048E00D86191 /* background.png */; };
		86C9196A23BC0EB400D86191 /* clock.cpp in Sources */ = {isa = PBXBuildFile; fileRef = 86C9196823BC0EB400D86191 /* clock.cpp */; };
		86C9196F23BC4F2600D86191 /* guiButtons.cpp in Sources */ = {isa = PBXBuildFile; fileRef = 86C9196D23BC4F2600D86191 /* guiButtons.cpp */; };
/* End PBXBuildFile section */

/* Begin PBXCopyFilesBuildPhase section */
		86C3012A23BA993E007313D2 /* CopyFiles */ = {
			isa = PBXCopyFilesBuildPhase;
			buildActionMask = 12;
			dstPath = "";
			dstSubfolderSpec = 16;
			files = (
				86C9196723BC04AA00D86191 /* background.png in CopyFiles */,
			);
			runOnlyForDeploymentPostprocessing = 0;
		};
/* End PBXCopyFilesBuildPhase section */

/* Begin PBXFileReference section */
		86C3012C23BA993E007313D2 /* gameEngine */ = {isa = PBXFileReference; explicitFileType = "compiled.mach-o.executable"; includeInIndex = 0; path = gameEngine; sourceTree = BUILT_PRODUCTS_DIR; };
		86C3012F23BA993E007313D2 /* main.cpp */ = {isa = PBXFileReference; lastKnownFileType = sourcecode.cpp.cpp; path = main.cpp; sourceTree = "<group>"; };
		86C9193923BA9F0400D86191 /* main.hpp */ = {isa = PBXFileReference; lastKnownFileType = sourcecode.cpp.h; path = main.hpp; sourceTree = "<group>"; };
		86C9193A23BAA43C00D86191 /* textureWrapper.cpp */ = {isa = PBXFileReference; lastKnownFileType = sourcecode.cpp.cpp; path = textureWrapper.cpp; sourceTree = "<group>"; };
		86C9193B23BAA43C00D86191 /* textureWrapper.hpp */ = {isa = PBXFileReference; lastKnownFileType = sourcecode.cpp.h; path = textureWrapper.hpp; sourceTree = "<group>"; };
		86C9195323BAB77300D86191 /* sprite.cpp */ = {isa = PBXFileReference; fileEncoding = 4; lastKnownFileType = sourcecode.cpp.cpp; path = sprite.cpp; sourceTree = "<group>"; };
		86C9195423BAB77300D86191 /* spritesheet.cpp */ = {isa = PBXFileReference; fileEncoding = 4; lastKnownFileType = sourcecode.cpp.cpp; path = spritesheet.cpp; sourceTree = "<group>"; };
		86C9195523BAB77300D86191 /* sprite.hpp */ = {isa = PBXFileReference; fileEncoding = 4; lastKnownFileType = sourcecode.cpp.h; path = sprite.hpp; sourceTree = "<group>"; };
		86C9195623BAB77300D86191 /* spritesheet.hpp */ = {isa = PBXFileReference; fileEncoding = 4; lastKnownFileType = sourcecode.cpp.h; path = spritesheet.hpp; sourceTree = "<group>"; };
		86C9195B23BAB7AE00D86191 /* gui.cpp */ = {isa = PBXFileReference; lastKnownFileType = sourcecode.cpp.cpp; path = gui.cpp; sourceTree = "<group>"; };
		86C9195C23BAB7AE00D86191 /* gui.hpp */ = {isa = PBXFileReference; lastKnownFileType = sourcecode.cpp.h; path = gui.hpp; sourceTree = "<group>"; };
		86C9195F23BBFB2E00D86191 /* gameObject.cpp */ = {isa = PBXFileReference; lastKnownFileType = sourcecode.cpp.cpp; path = gameObject.cpp; sourceTree = "<group>"; };
		86C9196023BBFB2E00D86191 /* gameObject.hpp */ = {isa = PBXFileReference; lastKnownFileType = sourcecode.cpp.h; path = gameObject.hpp; sourceTree = "<group>"; };
		86C9196223BBFD4500D86191 /* textureHandler.cpp */ = {isa = PBXFileReference; lastKnownFileType = sourcecode.cpp.cpp; path = textureHandler.cpp; sourceTree = "<group>"; };
		86C9196323BBFD4500D86191 /* textureHandler.hpp */ = {isa = PBXFileReference; lastKnownFileType = sourcecode.cpp.h; path = textureHandler.hpp; sourceTree = "<group>"; };
		86C9196623BC048E00D86191 /* background.png */ = {isa = PBXFileReference; lastKnownFileType = image.png; path = background.png; sourceTree = "<group>"; };
		86C9196823BC0EB400D86191 /* clock.cpp */ = {isa = PBXFileReference; lastKnownFileType = sourcecode.cpp.cpp; path = clock.cpp; sourceTree = "<group>"; };
		86C9196923BC0EB400D86191 /* clock.hpp */ = {isa = PBXFileReference; lastKnownFileType = sourcecode.cpp.h; path = clock.hpp; sourceTree = "<group>"; };
		86C9196D23BC4F2600D86191 /* guiButtons.cpp */ = {isa = PBXFileReference; lastKnownFileType = sourcecode.cpp.cpp; path = guiButtons.cpp; sourceTree = "<group>"; };
		86C9196E23BC4F2600D86191 /* guiButtons.hpp */ = {isa = PBXFileReference; lastKnownFileType = sourcecode.cpp.h; path = guiButtons.hpp; sourceTree = "<group>"; };
/* End PBXFileReference section */

/* Begin PBXFrameworksBuildPhase section */
		86C3012923BA993E007313D2 /* Frameworks */ = {
			isa = PBXFrameworksBuildPhase;
			buildActionMask = 2147483647;
			files = (
			);
			runOnlyForDeploymentPostprocessing = 0;
		};
/* End PBXFrameworksBuildPhase section */

/* Begin PBXGroup section */
		86C3012323BA993E007313D2 = {
			isa = PBXGroup;
			children = (
				86C9196523BC046500D86191 /* resources */,
				86C3012E23BA993E007313D2 /* gameEngine */,
				86C3012D23BA993E007313D2 /* Products */,
			);
			sourceTree = "<group>";
		};
		86C3012D23BA993E007313D2 /* Products */ = {
			isa = PBXGroup;
			children = (
				86C3012C23BA993E007313D2 /* gameEngine */,
			);
			name = Products;
			sourceTree = "<group>";
		};
		86C3012E23BA993E007313D2 /* gameEngine */ = {
			isa = PBXGroup;
			children = (
				86C9195E23BBFB0800D86191 /* gameObjects */,
				86C9194023BAA45900D86191 /* textureClasses */,
				86C3012F23BA993E007313D2 /* main.cpp */,
				86C9193923BA9F0400D86191 /* main.hpp */,
				86C9196823BC0EB400D86191 /* clock.cpp */,
				86C9196923BC0EB400D86191 /* clock.hpp */,
			);
			path = gameEngine;
			sourceTree = "<group>";
		};
		86C9194023BAA45900D86191 /* textureClasses */ = {
			isa = PBXGroup;
			children = (
				86C9193A23BAA43C00D86191 /* textureWrapper.cpp */,
				86C9193B23BAA43C00D86191 /* textureWrapper.hpp */,
				86C9196223BBFD4500D86191 /* textureHandler.cpp */,
				86C9196323BBFD4500D86191 /* textureHandler.hpp */,
			);
			name = textureClasses;
			sourceTree = "<group>";
		};
		86C9194823BAB6DD00D86191 /* spriteClasses */ = {
			isa = PBXGroup;
			children = (
				86C9195323BAB77300D86191 /* sprite.cpp */,
				86C9195523BAB77300D86191 /* sprite.hpp */,
				86C9195423BAB77300D86191 /* spritesheet.cpp */,
				86C9195623BAB77300D86191 /* spritesheet.hpp */,
			);
			name = spriteClasses;
			sourceTree = "<group>";
		};
		86C9195A23BAB79900D86191 /* guiClasses */ = {
			isa = PBXGroup;
			children = (
				86C9195B23BAB7AE00D86191 /* gui.cpp */,
				86C9195C23BAB7AE00D86191 /* gui.hpp */,
				86C9196D23BC4F2600D86191 /* guiButtons.cpp */,
				86C9196E23BC4F2600D86191 /* guiButtons.hpp */,
			);
			name = guiClasses;
			sourceTree = "<group>";
		};
		86C9195E23BBFB0800D86191 /* gameObjects */ = {
			isa = PBXGroup;
			children = (
				86C9195F23BBFB2E00D86191 /* gameObject.cpp */,
				86C9196023BBFB2E00D86191 /* gameObject.hpp */,
				86C9195A23BAB79900D86191 /* guiClasses */,
				86C9194823BAB6DD00D86191 /* spriteClasses */,
			);
			name = gameObjects;
			sourceTree = "<group>";
		};
		86C9196523BC046500D86191 /* resources */ = {
			isa = PBXGroup;
			children = (
				86C9196623BC048E00D86191 /* background.png */,
			);
			path = resources;
			sourceTree = "<group>";
		};
/* End PBXGroup section */

/* Begin PBXNativeTarget section */
		86C3012B23BA993E007313D2 /* gameEngine */ = {
			isa = PBXNativeTarget;
			buildConfigurationList = 86C3013323BA993E007313D2 /* Build configuration list for PBXNativeTarget "gameEngine" */;
			buildPhases = (
				86C3012823BA993E007313D2 /* Sources */,
				86C3012923BA993E007313D2 /* Frameworks */,
				86C3012A23BA993E007313D2 /* CopyFiles */,
			);
			buildRules = (
			);
			dependencies = (
			);
			name = gameEngine;
			productName = gameEngine;
			productReference = 86C3012C23BA993E007313D2 /* gameEngine */;
			productType = "com.apple.product-type.tool";
		};
/* End PBXNativeTarget section */

/* Begin PBXProject section */
		86C3012423BA993E007313D2 /* Project object */ = {
			isa = PBXProject;
			attributes = {
				LastUpgradeCheck = 1130;
				ORGANIZATIONNAME = "Keegan Bilodeau";
				TargetAttributes = {
					86C3012B23BA993E007313D2 = {
						CreatedOnToolsVersion = 11.3;
					};
				};
			};
			buildConfigurationList = 86C3012723BA993E007313D2 /* Build configuration list for PBXProject "gameEngine" */;
			compatibilityVersion = "Xcode 9.3";
			developmentRegion = en;
			hasScannedForEncodings = 0;
			knownRegions = (
				en,
				Base,
			);
			mainGroup = 86C3012323BA993E007313D2;
			productRefGroup = 86C3012D23BA993E007313D2 /* Products */;
			projectDirPath = "";
			projectRoot = "";
			targets = (
				86C3012B23BA993E007313D2 /* gameEngine */,
			);
		};
/* End PBXProject section */

/* Begin PBXSourcesBuildPhase section */
		86C3012823BA993E007313D2 /* Sources */ = {
			isa = PBXSourcesBuildPhase;
			buildActionMask = 2147483647;
			files = (
				86C9195823BAB77300D86191 /* spritesheet.cpp in Sources */,
				86C3013023BA993E007313D2 /* main.cpp in Sources */,
				86C9193C23BAA43C00D86191 /* textureWrapper.cpp in Sources */,
				86C9196423BBFD4500D86191 /* textureHandler.cpp in Sources */,
				86C9195723BAB77300D86191 /* sprite.cpp in Sources */,
				86C9196123BBFB2E00D86191 /* gameObject.cpp in Sources */,
				86C9196F23BC4F2600D86191 /* guiButtons.cpp in Sources */,
				86C9196A23BC0EB400D86191 /* clock.cpp in Sources */,
				86C9195D23BAB7AE00D86191 /* gui.cpp in Sources */,
			);
			runOnlyForDeploymentPostprocessing = 0;
		};
/* End PBXSourcesBuildPhase section */

/* Begin XCBuildConfiguration section */
		86C3013123BA993E007313D2 /* Debug */ = {
			isa = XCBuildConfiguration;
			buildSettings = {
				ALWAYS_SEARCH_USER_PATHS = NO;
				CLANG_ANALYZER_NONNULL = YES;
				CLANG_ANALYZER_NUMBER_OBJECT_CONVERSION = YES_AGGRESSIVE;
				CLANG_CXX_LANGUAGE_STANDARD = "gnu++14";
				CLANG_CXX_LIBRARY = "libc++";
				CLANG_ENABLE_MODULES = YES;
				CLANG_ENABLE_OBJC_ARC = YES;
				CLANG_ENABLE_OBJC_WEAK = YES;
				CLANG_WARN_BLOCK_CAPTURE_AUTORELEASING = YES;
				CLANG_WARN_BOOL_CONVERSION = YES;
				CLANG_WARN_COMMA = YES;
				CLANG_WARN_CONSTANT_CONVERSION = YES;
				CLANG_WARN_DEPRECATED_OBJC_IMPLEMENTATIONS = YES;
				CLANG_WARN_DIRECT_OBJC_ISA_USAGE = YES_ERROR;
				CLANG_WARN_DOCUMENTATION_COMMENTS = YES;
				CLANG_WARN_EMPTY_BODY = YES;
				CLANG_WARN_ENUM_CONVERSION = YES;
				CLANG_WARN_INFINITE_RECURSION = YES;
				CLANG_WARN_INT_CONVERSION = YES;
				CLANG_WARN_NON_LITERAL_NULL_CONVERSION = YES;
				CLANG_WARN_OBJC_IMPLICIT_RETAIN_SELF = YES;
				CLANG_WARN_OBJC_LITERAL_CONVERSION = YES;
				CLANG_WARN_OBJC_ROOT_CLASS = YES_ERROR;
				CLANG_WARN_RANGE_LOOP_ANALYSIS = YES;
				CLANG_WARN_STRICT_PROTOTYPES = YES;
				CLANG_WARN_SUSPICIOUS_MOVE = YES;
				CLANG_WARN_UNGUARDED_AVAILABILITY = YES_AGGRESSIVE;
				CLANG_WARN_UNREACHABLE_CODE = YES;
				CLANG_WARN__DUPLICATE_METHOD_MATCH = YES;
				COPY_PHASE_STRIP = NO;
				DEBUG_INFORMATION_FORMAT = dwarf;
				ENABLE_STRICT_OBJC_MSGSEND = YES;
				ENABLE_TESTABILITY = YES;
				GCC_C_LANGUAGE_STANDARD = gnu11;
				GCC_DYNAMIC_NO_PIC = NO;
				GCC_NO_COMMON_BLOCKS = YES;
				GCC_OPTIMIZATION_LEVEL = 0;
				GCC_PREPROCESSOR_DEFINITIONS = (
					"DEBUG=1",
					"$(inherited)",
				);
				GCC_WARN_64_TO_32_BIT_CONVERSION = YES;
				GCC_WARN_ABOUT_RETURN_TYPE = YES_ERROR;
				GCC_WARN_UNDECLARED_SELECTOR = YES;
				GCC_WARN_UNINITIALIZED_AUTOS = YES_AGGRESSIVE;
				GCC_WARN_UNUSED_FUNCTION = YES;
				GCC_WARN_UNUSED_VARIABLE = YES;
				MACOSX_DEPLOYMENT_TARGET = 10.15;
				MTL_ENABLE_DEBUG_INFO = INCLUDE_SOURCE;
				MTL_FAST_MATH = YES;
				ONLY_ACTIVE_ARCH = YES;
				SDKROOT = macosx;
			};
			name = Debug;
		};
		86C3013223BA993E007313D2 /* Release */ = {
			isa = XCBuildConfiguration;
			buildSettings = {
				ALWAYS_SEARCH_USER_PATHS = NO;
				CLANG_ANALYZER_NONNULL = YES;
				CLANG_ANALYZER_NUMBER_OBJECT_CONVERSION = YES_AGGRESSIVE;
				CLANG_CXX_LANGUAGE_STANDARD = "gnu++14";
				CLANG_CXX_LIBRARY = "libc++";
				CLANG_ENABLE_MODULES = YES;
				CLANG_ENABLE_OBJC_ARC = YES;
				CLANG_ENABLE_OBJC_WEAK = YES;
				CLANG_WARN_BLOCK_CAPTURE_AUTORELEASING = YES;
				CLANG_WARN_BOOL_CONVERSION = YES;
				CLANG_WARN_COMMA = YES;
				CLANG_WARN_CONSTANT_CONVERSION = YES;
				CLANG_WARN_DEPRECATED_OBJC_IMPLEMENTATIONS = YES;
				CLANG_WARN_DIRECT_OBJC_ISA_USAGE = YES_ERROR;
				CLANG_WARN_DOCUMENTATION_COMMENTS = YES;
				CLANG_WARN_EMPTY_BODY = YES;
				CLANG_WARN_ENUM_CONVERSION = YES;
				CLANG_WARN_INFINITE_RECURSION = YES;
				CLANG_WARN_INT_CONVERSION = YES;
				CLANG_WARN_NON_LITERAL_NULL_CONVERSION = YES;
				CLANG_WARN_OBJC_IMPLICIT_RETAIN_SELF = YES;
				CLANG_WARN_OBJC_LITERAL_CONVERSION = YES;
				CLANG_WARN_OBJC_ROOT_CLASS = YES_ERROR;
				CLANG_WARN_RANGE_LOOP_ANALYSIS = YES;
				CLANG_WARN_STRICT_PROTOTYPES = YES;
				CLANG_WARN_SUSPICIOUS_MOVE = YES;
				CLANG_WARN_UNGUARDED_AVAILABILITY = YES_AGGRESSIVE;
				CLANG_WARN_UNREACHABLE_CODE = YES;
				CLANG_WARN__DUPLICATE_METHOD_MATCH = YES;
				COPY_PHASE_STRIP = NO;
				DEBUG_INFORMATION_FORMAT = "dwarf-with-dsym";
				ENABLE_NS_ASSERTIONS = NO;
				ENABLE_STRICT_OBJC_MSGSEND = YES;
				GCC_C_LANGUAGE_STANDARD = gnu11;
				GCC_NO_COMMON_BLOCKS = YES;
				GCC_WARN_64_TO_32_BIT_CONVERSION = YES;
				GCC_WARN_ABOUT_RETURN_TYPE = YES_ERROR;
				GCC_WARN_UNDECLARED_SELECTOR = YES;
				GCC_WARN_UNINITIALIZED_AUTOS = YES_AGGRESSIVE;
				GCC_WARN_UNUSED_FUNCTION = YES;
				GCC_WARN_UNUSED_VARIABLE = YES;
				MACOSX_DEPLOYMENT_TARGET = 10.15;
				MTL_ENABLE_DEBUG_INFO = NO;
				MTL_FAST_MATH = YES;
				SDKROOT = macosx;
			};
			name = Release;
		};
		86C3013423BA993E007313D2 /* Debug */ = {
			isa = XCBuildConfiguration;
			buildSettings = {
				CODE_SIGN_IDENTITY = "";
				CODE_SIGN_STYLE = Automatic;
				DEVELOPMENT_TEAM = K965454LM2;
				ENABLE_HARDENED_RUNTIME = YES;
				OTHER_CFLAGS = (
					"-D_THREAD_SAFE",
					"-I/usr/local/include/SDL2",
				);
				OTHER_LDFLAGS = (
					"-L/usr/local/lib",
					"-lSDL2_image",
					"-lSDL2_ttf",
					"-lSDL2",
				);
				PRODUCT_NAME = "$(TARGET_NAME)";
			};
			name = Debug;
		};
		86C3013523BA993E007313D2 /* Release */ = {
			isa = XCBuildConfiguration;
			buildSettings = {
				CODE_SIGN_IDENTITY = "";
				CODE_SIGN_STYLE = Automatic;
				DEVELOPMENT_TEAM = K965454LM2;
				ENABLE_HARDENED_RUNTIME = YES;
				OTHER_CFLAGS = (
					"-D_THREAD_SAFE",
					"-I/usr/local/include/SDL2",
				);
				OTHER_LDFLAGS = (
					"-L/usr/local/lib",
					"-lSDL2_image",
					"-lSDL2_ttf",
					"-lSDL2",
				);
				PRODUCT_NAME = "$(TARGET_NAME)";
			};
			name = Release;
		};
/* End XCBuildConfiguration section */

/* Begin XCConfigurationList section */
		86C3012723BA993E007313D2 /* Build configuration list for PBXProject "gameEngine" */ = {
			isa = XCConfigurationList;
			buildConfigurations = (
				86C3013123BA993E007313D2 /* Debug */,
				86C3013223BA993E007313D2 /* Release */,
			);
			defaultConfigurationIsVisible = 0;
			defaultConfigurationName = Release;
		};
		86C3013323BA993E007313D2 /* Build configuration list for PBXNativeTarget "gameEngine" */ = {
			isa = XCConfigurationList;
			buildConfigurations = (
				86C3013423BA993E007313D2 /* Debug */,
				86C3013523BA993E007313D2 /* Release */,
			);
			defaultConfigurationIsVisible = 0;
			defaultConfigurationName = Release;
		};
/* End XCConfigurationList section */
	};
	rootObject = 86C3012423BA993E007313D2 /* Project object */;
}
